
Microsoft Visual Studio Solution File, Format Version 12.00
# Visual Studio Version 17
VisualStudioVersion = 17.14.36414.22 d17.14
MinimumVisualStudioVersion = 10.0.40219.1
Project("{FAE04EC0-301F-11D3-BF4B-00C04F79EFBC}") = "csharp-odev-manav", "csharp-odev-manav\csharp-odev-manav.csproj", "{621E2A3D-5C28-4DE8-BFCC-320B8998B530}"
EndProject
Global
	GlobalSection(SolutionConfigurationPlatforms) = preSolution
		Debug|Any CPU = Debug|Any CPU
		Release|Any CPU = Release|Any CPU
	EndGlobalSection
	GlobalSection(ProjectConfigurationPlatforms) = postSolution
		{621E2A3D-5C28-4DE8-BFCC-320B8998B530}.Debug|Any CPU.ActiveCfg = Debug|Any CPU
		{621E2A3D-5C28-4DE8-BFCC-320B8998B530}.Debug|Any CPU.Build.0 = Debug|Any CPU
		{621E2A3D-5C28-4DE8-BFCC-320B8998B530}.Release|Any CPU.ActiveCfg = Release|Any CPU
		{621E2A3D-5C28-4DE8-BFCC-320B8998B530}.Release|Any CPU.Build.0 = Release|Any CPU
	EndGlobalSection
	GlobalSection(SolutionProperties) = preSolution
		HideSolutionNode = FALSE
	EndGlobalSection
	GlobalSection(ExtensibilityGlobals) = postSolution
		SolutionGuid = {E54A6196-6A92-4AE7-9591-322D9F576484}
	EndGlobalSection
EndGlobal
